{
  "nodes": {
    "Qwen--Qwen2_5-0_5B": {
      "flake": false,
      "locked": {
        "lastModified": 1727267556,
        "narHash": "sha256-BjYP2cg7vXSX1ljF2/YEr1Kq/nokWqUrni8Nm+2t19g=",
        "ref": "refs/heads/main",
        "rev": "060db6499f32faf8b98477b0a26969ef7d8b9987",
        "revCount": 12,
        "type": "git",
        "url": "https://huggingface.co/Qwen/Qwen2.5-0.5B"
      },
      "original": {
        "type": "git",
        "url": "https://huggingface.co/Qwen/Qwen2.5-0.5B"
      }
    },
    "Qwen--Qwen2_5-1_5B-Instruct": {
      "flake": false,
      "locked": {
        "lastModified": 1727267570,
        "narHash": "sha256-61+m6ZCMph5mbUUGZuDfO+Tdq7VMFM5Q5qnh5dCxego=",
        "ref": "refs/heads/main",
        "rev": "989aa7980e4cf806f80c7fef2b1adb7bc71aa306",
        "revCount": 8,
        "type": "git",
        "url": "https://huggingface.co/Qwen/Qwen2.5-1.5B-Instruct"
      },
      "original": {
        "type": "git",
        "url": "https://huggingface.co/Qwen/Qwen2.5-1.5B-Instruct"
      }
    },
    "Qwen--Qwen3-0_6B": {
      "flake": false,
      "locked": {
        "lastModified": 1753501587,
        "narHash": "sha256-BWSQkHRRZJ+1/J5FgQ1j6FVpIp4BQmTEtfGr7GeDRtc=",
        "ref": "refs/heads/main",
        "rev": "c1899de289a04d12100db370d81485cdf75e47ca",
        "revCount": 24,
        "type": "git",
        "url": "https://huggingface.co/Qwen/Qwen3-0.6B"
      },
      "original": {
        "type": "git",
        "url": "https://huggingface.co/Qwen/Qwen3-0.6B"
      }
    },
    "channel": {
      "locked": {
        "lastModified": 1783475452,
        "narHash": "sha256-3S92fSuv32mjJz2Qb2F4405c21J55F4NIphz5K6hxco=",
        "owner": "nixos",
        "repo": "nixpkgs",
        "rev": "05988b07fb05cbcb50be6bce197b4b5f75b5e61b",
        "type": "github"
      },
      "original": {
        "owner": "nixos",
        "ref": "nixpkgs-unstable",
        "repo": "nixpkgs",
        "type": "github"
      }
    },
    "core": {
      "inputs": {
        "default": "default",
        "flake-parts": "flake-parts",
        "nixpkgs": [
          "flake",
          "core",
          "default",
          "channel"
        ]
      },
      "locked": {
        "lastModified": 1784509818,
        "narHash": "sha256-T3RN8pOJ7N4jIiPMiXUyztKZwB68V/sCZHmzSDKw1/I=",
        "owner": "nixology",
        "repo": "core.nix",
        "rev": "10fc274d11b9971005d03c872c967de0a98ca85a",
        "type": "github"
      },
      "original": {
        "owner": "nixology",
        "repo": "core.nix",
        "type": "github"
      }
    },
    "coreai-models": {
      "flake": false,
      "locked": {
        "lastModified": 1783547205,
        "narHash": "sha256-HbXi2TspTN+WLLjKn3rA99PKhthQHQlqgdn5VtOH530=",
        "owner": "apple",
        "repo": "coreai-models",
        "rev": "938d0b8943b942ce66438b94ab017c5631d1aef4",
        "type": "github"
      },
      "original": {
        "owner": "apple",
        "ref": "0.2.0",
        "repo": "coreai-models",
        "type": "github"
      }
    },
    "coreai-optimization": {
      "flake": false,
      "locked": {
        "lastModified": 1783021878,
        "narHash": "sha256-TMPpGFnXFR5+VWZZbIEDhwZDuZXJQt/04NUyJMKDJMM=",
        "owner": "apple",
        "repo": "coreai-optimization",
        "rev": "e0203efb164c26c1f8ea3103b4d55021d089188b",
        "type": "github"
      },
      "original": {
        "owner": "apple",
        "ref": "v0.2.1",
        "repo": "coreai-optimization",
        "type": "github"
      }
    },
    "coreai-torch": {
      "flake": false,
      "locked": {
        "lastModified": 1782943945,
        "narHash": "sha256-0gw+wGwhySgIP92FqrYdUe4jFubcwgfosRkuCYorQ90=",
        "owner": "apple",
        "repo": "coreai-torch",
        "rev": "71ca4a83067023ed6c93be539c3e3e516884a631",
        "type": "github"
      },
      "original": {
        "owner": "apple",
        "ref": "v0.4.1",
        "repo": "coreai-torch",
        "type": "github"
      }
    },
    "coremltools": {
      "flake": false,
      "locked": {
        "lastModified": 1762303587,
        "narHash": "sha256-A2hwsJtLM2lSTVVZW+qI5ppMNMF9SKlWZs/1wC9YAxs=",
        "owner": "apple",
        "repo": "coremltools",
        "rev": "428d4b2658dfc44194f27f4f36870751be402ff7",
        "type": "github"
      },
      "original": {
        "owner": "apple",
        "ref": "9.0",
        "repo": "coremltools",
        "type": "github"
      }
    },
    "default": {
      "inputs": {
        "channel": "channel"
      },
      "locked": {
        "dir": "nixpkgs-unstable",
        "lastModified": 1783697204,
        "narHash": "sha256-wfnn547w/XeufZBUQjW3P9zvn0sFKIpGyIjECrswZd8=",
        "owner": "nixology",
        "repo": "channels.nix",
        "rev": "ee1d59e9ef0785ebd75df1f28cd78d66b01ef0eb",
        "type": "github"
      },
      "original": {
        "dir": "nixpkgs-unstable",
        "owner": "nixology",
        "repo": "channels.nix",
        "type": "github"
      }
    },
    "flake": {
      "inputs": {
        "core": "core"
      },
      "locked": {
        "lastModified": 1784566660,
        "narHash": "sha256-XYqMDIAugtGF0UL2BmXmvRzNOEsIGD1bBq9OJr7f+kY=",
        "owner": "nixology",
        "repo": "flake.nix",
        "rev": "fa684da826e916bf0e15a0bfcec29e6965577a84",
        "type": "github"
      },
      "original": {
        "owner": "nixology",
        "repo": "flake.nix",
        "type": "github"
      }
    },
    "flake-parts": {
      "inputs": {
        "nixpkgs-lib": "nixpkgs-lib"
      },
      "locked": {
        "lastModified": 1782949081,
        "narHash": "sha256-vp6Y/Grm98ESt6ceOkWiHWyZRDV3J1RID4w+6NWK9yA=",
        "owner": "hercules-ci",
        "repo": "flake-parts",
        "rev": "17c9d6cdfc60c64f4ee8d306f9bc0b4ccb51481e",
        "type": "github"
      },
      "original": {
        "owner": "hercules-ci",
        "repo": "flake-parts",
        "type": "github"
      }
    },
    "google--gemma-3-1b-it": {
      "flake": false,
      "locked": {
        "lastModified": 1743772360,
        "narHash": "sha256-bbkUcq11f4U6bwV1N63IdrG5qLxHEoAV0FOjcCbItf4=",
        "ref": "refs/heads/main",
        "rev": "dcc83ea841ab6100d6b47a070329e1ba4cf78752",
        "revCount": 7,
        "type": "git",
        "url": "https://huggingface.co/google/gemma-3-1b-it"
      },
      "original": {
        "type": "git",
        "url": "https://huggingface.co/google/gemma-3-1b-it"
      }
    },
    "mlx": {
      "inputs": {
        "flake": [
          "flake"
        ],
        "mlx": "mlx_2",
        "mlx-lm": "mlx-lm",
        "models": [
          "models"
        ],
        "transformers-to-mlx": "transformers-to-mlx"
      },
      "locked": {
        "lastModified": 1783430134,
        "narHash": "sha256-9sWgPWY4t71mfRLUIf6l3d4GKTRZ1+xQwCLI4kZZq4I=",
        "owner": "nixology",
        "repo": "mlx.nix",
        "rev": "d217687effa860454c190956bac6a62e7af76b00",
        "type": "github"
      },
      "original": {
        "owner": "nixology",
        "repo": "mlx.nix",
        "type": "github"
      }
    },
    "mlx-community--Ornith-1_0-35B-8bit": {
      "flake": false,
      "locked": {
        "lastModified": 1782594029,
        "narHash": "sha256-7yATzBTkb+5+ArOOqcAWu4k22PhfFdY3ztGltt7HQGM=",
        "ref": "refs/heads/main",
        "rev": "28d10f45a04981989f5a2e53e38f6473e81e815a",
        "revCount": 2,
        "type": "git",
        "url": "https://huggingface.co/mlx-community/Ornith-1.0-35B-8bit"
      },
      "original": {
        "type": "git",
        "url": "https://huggingface.co/mlx-community/Ornith-1.0-35B-8bit"
      }
    },
    "mlx-community--Ornith-1_0-9B-bf16": {
      "flake": false,
      "locked": {
        "lastModified": 1782639591,
        "narHash": "sha256-sGVdtj4EhsbBcun/B6zlFsw5Z+8JT53DW78Mi95K1/4=",
        "ref": "refs/heads/main",
        "rev": "5944bc88218397fe6879d5b350b26297673f80a7",
        "revCount": 2,
        "type": "git",
        "url": "https://huggingface.co/mlx-community/Ornith-1.0-9B-bf16"
      },
      "original": {
        "type": "git",
        "url": "https://huggingface.co/mlx-community/Ornith-1.0-9B-bf16"
      }
    },
    "mlx-lm": {
      "flake": false,
      "locked": {
        "lastModified": 1776843249,
        "narHash": "sha256-DPOJfsIucG8mWt4ZKenymCJo/i9Jw+a+iuIygIIYkA8=",
        "owner": "ml-explore",
        "repo": "mlx-lm",
        "rev": "ed1fca4cef15a824c5f1702c80f70b4cffc8e4dd",
        "type": "github"
      },
      "original": {
        "owner": "ml-explore",
        "ref": "v0.31.3",
        "repo": "mlx-lm",
        "type": "github"
      }
    },
    "mlx_2": {
      "flake": false,
      "locked": {
        "lastModified": 1776818120,
        "narHash": "sha256-0Oxacz61WGWZrpWw+fMQjEQfwOx1l1L2d0kWl54/LrQ=",
        "owner": "ml-explore",
        "repo": "mlx",
        "rev": "68cf2fddd8de5edd8ab3d926391772b2e2cedad8",
        "type": "github"
      },
      "original": {
        "owner": "ml-explore",
        "ref": "v0.31.2",
        "repo": "mlx",
        "type": "github"
      }
    },
    "models": {
      "inputs": {
        "Qwen--Qwen2_5-0_5B": "Qwen--Qwen2_5-0_5B",
        "Qwen--Qwen2_5-1_5B-Instruct": "Qwen--Qwen2_5-1_5B-Instruct",
        "Qwen--Qwen3-0_6B": "Qwen--Qwen3-0_6B",
        "flake": [
          "flake"
        ],
        "google--gemma-3-1b-it": "google--gemma-3-1b-it",
        "mlx-community--Ornith-1_0-35B-8bit": "mlx-community--Ornith-1_0-35B-8bit",
        "mlx-community--Ornith-1_0-9B-bf16": "mlx-community--Ornith-1_0-9B-bf16",
        "nix-hug": "nix-hug",
        "unsloth--Qwen3_6-27B-MLX-8bit": "unsloth--Qwen3_6-27B-MLX-8bit",
        "unsloth--Qwen3_6-35B-A3B-MLX-8bit": "unsloth--Qwen3_6-35B-A3B-MLX-8bit",
        "yujiepan--gemma-3-tiny-random": "yujiepan--gemma-3-tiny-random",
        "yujiepan--mistral-v0_3-tiny-random": "yujiepan--mistral-v0_3-tiny-random",
        "yujiepan--qwen2_5-tiny-random": "yujiepan--qwen2_5-tiny-random",
        "yujiepan--qwen3-tiny-random": "yujiepan--qwen3-tiny-random"
      },
      "locked": {
        "lastModified": 1784663232,
        "narHash": "sha256-PHk1xqesY2wg41U1oatdR9uCPINitwTs0noUyM/6ME0=",
        "owner": "nixology",
        "repo": "models.nix",
        "rev": "2acf4b5a4d40b3f6e958bb7fcf07a8c82f457678",
        "type": "github"
      },
      "original": {
        "owner": "nixology",
        "repo": "models.nix",
        "type": "github"
      }
    },
    "nix-hug": {
      "inputs": {
        "nixpkgs": [
          "models",
          "flake",
          "core",
          "nixpkgs"
        ]
      },
      "locked": {
        "lastModified": 1781967748,
        "narHash": "sha256-RJams51fGsTUHKRuQYcfzVbLeGD7aBcKj3RFGD51XYQ=",
        "owner": "marksisson",
        "repo": "nix-hug",
        "rev": "61249e3f631b134c790e1a07f319cc32a79c5532",
        "type": "github"
      },
      "original": {
        "owner": "marksisson",
        "ref": "marksisson/add-fetchurl-curl-opts",
        "repo": "nix-hug",
        "type": "github"
      }
    },
    "nixpkgs-lib": {
      "locked": {
        "lastModified": 1782614948,
        "narHash": "sha256-ePjCwr1sNm9NYUqywL7QfK3JnlS015msC+eBu2zKlp8=",
        "owner": "nix-community",
        "repo": "nixpkgs.lib",
        "rev": "db3f255737b94216eb71cce308e2912cf6bc2d7c",
        "type": "github"
      },
      "original": {
        "owner": "nix-community",
        "repo": "nixpkgs.lib",
        "type": "github"
      }
    },
    "root": {
      "inputs": {
        "coreai-models": "coreai-models",
        "coreai-optimization": "coreai-optimization",
        "coreai-torch": "coreai-torch",
        "coremltools": "coremltools",
        "flake": "flake",
        "mlx": "mlx",
        "models": "models",
        "yuvio": "yuvio"
      }
    },
    "transformers-to-mlx": {
      "flake": false,
      "locked": {
        "lastModified": 1776351115,
        "narHash": "sha256-e3fAO5dej4qIzewVRB18FEhih1Zstl7yxgo2HfnVp3k=",
        "owner": "huggingface",
        "repo": "transformers-to-mlx",
        "rev": "1800e733dc99edf6b33c4c631c813e880dc9cb8f",
        "type": "github"
      },
      "original": {
        "owner": "huggingface",
        "repo": "transformers-to-mlx",
        "type": "github"
      }
    },
    "unsloth--Qwen3_6-27B-MLX-8bit": {
      "flake": false,
      "locked": {
        "lastModified": 1776867520,
        "narHash": "sha256-OSeRG95pSri8kdRKzM4fmTj7wo5Z37h9OiwMeJl4Dy4=",
        "ref": "refs/heads/main",
        "rev": "78067073d2bf9795e5aabcfcd647bd36cf43c0b5",
        "revCount": 2,
        "type": "git",
        "url": "https://huggingface.co/unsloth/Qwen3.6-27B-MLX-8bit"
      },
      "original": {
        "type": "git",
        "url": "https://huggingface.co/unsloth/Qwen3.6-27B-MLX-8bit"
      }
    },
    "unsloth--Qwen3_6-35B-A3B-MLX-8bit": {
      "flake": false,
      "locked": {
        "lastModified": 1776414385,
        "narHash": "sha256-zzY7Lf1MYshSsj8RXyCL7J226GMJ2K4oMp6SXkEPYLY=",
        "ref": "refs/heads/main",
        "rev": "d928611c119d7d86037d6926ac50712062ff0f29",
        "revCount": 3,
        "type": "git",
        "url": "https://huggingface.co/unsloth/Qwen3.6-35B-A3B-MLX-8bit"
      },
      "original": {
        "type": "git",
        "url": "https://huggingface.co/unsloth/Qwen3.6-35B-A3B-MLX-8bit"
      }
    },
    "yujiepan--gemma-3-tiny-random": {
      "flake": false,
      "locked": {
        "lastModified": 1742061357,
        "narHash": "sha256-HjMy9d4fYcvpsZkUmXOyLklw5FPMUNdWGnlrAnc9Zvo=",
        "ref": "refs/heads/main",
        "rev": "f746b7ca8ef1ae9ba057354188bfcce0c788d674",
        "revCount": 3,
        "type": "git",
        "url": "https://huggingface.co/yujiepan/gemma-3-tiny-random"
      },
      "original": {
        "type": "git",
        "url": "https://huggingface.co/yujiepan/gemma-3-tiny-random"
      }
    },
    "yujiepan--mistral-v0_3-tiny-random": {
      "flake": false,
      "locked": {
        "lastModified": 1721488222,
        "narHash": "sha256-+LQgdRJAbA4jz7fyJ9Z7FGQ5yVueEXkWSQi+E9lQO1c=",
        "ref": "refs/heads/main",
        "rev": "7d912a02c3e39ec05b60171988f08335f52d2745",
        "revCount": 8,
        "type": "git",
        "url": "https://huggingface.co/yujiepan/mistral-v0.3-tiny-random"
      },
      "original": {
        "type": "git",
        "url": "https://huggingface.co/yujiepan/mistral-v0.3-tiny-random"
      }
    },
    "yujiepan--qwen2_5-tiny-random": {
      "flake": false,
      "locked": {
        "lastModified": 1727064806,
        "narHash": "sha256-GumEXYT9E4ysSKIXE34/Rk6rJL4OPX4z+ENBWwoiMJg=",
        "ref": "refs/heads/main",
        "rev": "0354728bb14944308c3134cf48d29302030a72c0",
        "revCount": 3,
        "type": "git",
        "url": "https://huggingface.co/yujiepan/qwen2.5-tiny-random"
      },
      "original": {
        "type": "git",
        "url": "https://huggingface.co/yujiepan/qwen2.5-tiny-random"
      }
    },
    "yujiepan--qwen3-tiny-random": {
      "flake": false,
      "locked": {
        "lastModified": 1745905839,
        "narHash": "sha256-X5IGZXGgxaEbpQXtcMp1te/CgjQsddCE7h+rj89bND8=",
        "ref": "refs/heads/main",
        "rev": "c5aa03d329380306bf4890b3715fecf0982efd52",
        "revCount": 3,
        "type": "git",
        "url": "https://huggingface.co/yujiepan/qwen3-tiny-random"
      },
      "original": {
        "type": "git",
        "url": "https://huggingface.co/yujiepan/qwen3-tiny-random"
      }
    },
    "yuvio": {
      "flake": false,
      "locked": {
        "lastModified": 1750850871,
        "narHash": "sha256-FLVMDxa6lfQFA+cQpTseY9TnLPcEhHv7svMRQ1J9dC0=",
        "owner": "labradon",
        "repo": "yuvio",
        "rev": "570d35c33a7ee1e16a63d51bd166ce14d27de858",
        "type": "github"
      },
      "original": {
        "owner": "labradon",
        "ref": "v1.6",
        "repo": "yuvio",
        "type": "github"
      }
    }
  },
  "root": "root",
  "version": 7
}
