{
  "nodes": {
    "channel": {
      "locked": {
        "lastModified": 1781607440,
        "narHash": "sha256-rxO+uc/KFbSJp+pgyXRuAX6QlG9hJdnt0BXpEQRXY+U=",
        "owner": "nixos",
        "repo": "nixpkgs",
        "rev": "3e41b24abd260e8f71dbe2f5737d24122f972158",
        "type": "github"
      },
      "original": {
        "owner": "nixos",
        "ref": "nixpkgs-unstable",
        "repo": "nixpkgs",
        "type": "github"
      }
    },
    "core": {
      "inputs": {
        "flake-parts": "flake-parts",
        "nixpkgs": [
          "flake",
          "core",
          "nixpkgs-unstable",
          "channel"
        ],
        "nixpkgs-unstable": "nixpkgs-unstable"
      },
      "locked": {
        "lastModified": 1781799569,
        "narHash": "sha256-yHYqZ0OKwRHwYxfUyuEAyt6svj/5GS0UDBMOOJUpsE0=",
        "owner": "nixology",
        "repo": "core.nix",
        "rev": "99e17cc68b9c8df2b3247bb93d1307348bad2c25",
        "type": "github"
      },
      "original": {
        "owner": "nixology",
        "repo": "core.nix",
        "type": "github"
      }
    },
    "coreai-models": {
      "flake": false,
      "locked": {
        "lastModified": 1780947666,
        "narHash": "sha256-CAk31pivLnWWNOYg7ym5CghCcpzxjCDJgwW+ApipcCY=",
        "owner": "apple",
        "repo": "coreai-models",
        "rev": "b1cb71b8522d99408059fa0b98b8742171bcb0b8",
        "type": "github"
      },
      "original": {
        "owner": "apple",
        "ref": "0.1.0",
        "repo": "coreai-models",
        "type": "github"
      }
    },
    "coreai-opt": {
      "flake": false,
      "locked": {
        "lastModified": 1780707807,
        "narHash": "sha256-4djTmZTagEFAQGRDm+rO/UcqOcVceS0bF2vdOb+W3Yg=",
        "owner": "apple",
        "repo": "coreai-optimization",
        "rev": "e27b3d050196c418adf85f19a9827d2dd1801e73",
        "type": "github"
      },
      "original": {
        "owner": "apple",
        "ref": "v0.2.0",
        "repo": "coreai-optimization",
        "type": "github"
      }
    },
    "coreai-torch": {
      "flake": false,
      "locked": {
        "lastModified": 1780712416,
        "narHash": "sha256-VxR6WE73B4azfndCWUZn4g049MklKXUu+awO/IT8brw=",
        "owner": "apple",
        "repo": "coreai-torch",
        "rev": "7171b3bb59f2474a5313d82ff4bfe187a1155f94",
        "type": "github"
      },
      "original": {
        "owner": "apple",
        "ref": "v0.4.0",
        "repo": "coreai-torch",
        "type": "github"
      }
    },
    "coremltools": {
      "flake": false,
      "locked": {
        "lastModified": 1762303587,
        "narHash": "sha256-A2hwsJtLM2lSTVVZW+qI5ppMNMF9SKlWZs/1wC9YAxs=",
        "owner": "apple",
        "repo": "coremltools",
        "rev": "428d4b2658dfc44194f27f4f36870751be402ff7",
        "type": "github"
      },
      "original": {
        "owner": "apple",
        "ref": "9.0",
        "repo": "coremltools",
        "type": "github"
      }
    },
    "flake": {
      "inputs": {
        "core": "core"
      },
      "locked": {
        "lastModified": 1781799806,
        "narHash": "sha256-3Sl30nNmEMebS68uyZ8OQlQxX353w1hHPvO3auqNp3w=",
        "owner": "nixology",
        "repo": "flake.nix",
        "rev": "9285599d96b04ce19517745069c00a3478fc66bb",
        "type": "github"
      },
      "original": {
        "owner": "nixology",
        "repo": "flake.nix",
        "type": "github"
      }
    },
    "flake-parts": {
      "inputs": {
        "nixpkgs-lib": "nixpkgs-lib"
      },
      "locked": {
        "lastModified": 1778716662,
        "narHash": "sha256-m1Yf0wZ8j1OHjTc2UwHwyQRSnNeSgLJOd7q5Y45hzi4=",
        "owner": "hercules-ci",
        "repo": "flake-parts",
        "rev": "f7c1a2d347e4c52d5fb8d10cb4d94b5884e546fb",
        "type": "github"
      },
      "original": {
        "owner": "hercules-ci",
        "repo": "flake-parts",
        "type": "github"
      }
    },
    "nixpkgs-lib": {
      "locked": {
        "lastModified": 1777168982,
        "narHash": "sha256-GOkGPcboWE9BmGCRMLX3worL4EMnsnG8MyKmXNeYuhQ=",
        "owner": "nix-community",
        "repo": "nixpkgs.lib",
        "rev": "f5901329dade4a6ea039af1433fb087bd9c1fe14",
        "type": "github"
      },
      "original": {
        "owner": "nix-community",
        "repo": "nixpkgs.lib",
        "type": "github"
      }
    },
    "nixpkgs-unstable": {
      "inputs": {
        "channel": "channel"
      },
      "locked": {
        "dir": "nixpkgs-unstable",
        "lastModified": 1781798631,
        "narHash": "sha256-TFnCx40VNHLwA+gS3Tb6HW7do3aZijyVp/H2FV4rSz4=",
        "owner": "nixology",
        "repo": "channels.nix",
        "rev": "01b2cfe422ec424fdfa4312a1655f2bd4ac7b326",
        "type": "github"
      },
      "original": {
        "dir": "nixpkgs-unstable",
        "owner": "nixology",
        "repo": "channels.nix",
        "type": "github"
      }
    },
    "root": {
      "inputs": {
        "coreai-models": "coreai-models",
        "coreai-opt": "coreai-opt",
        "coreai-torch": "coreai-torch",
        "coremltools": "coremltools",
        "flake": "flake",
        "yuvio": "yuvio"
      }
    },
    "yuvio": {
      "flake": false,
      "locked": {
        "lastModified": 1750850871,
        "narHash": "sha256-FLVMDxa6lfQFA+cQpTseY9TnLPcEhHv7svMRQ1J9dC0=",
        "owner": "labradon",
        "repo": "yuvio",
        "rev": "570d35c33a7ee1e16a63d51bd166ce14d27de858",
        "type": "github"
      },
      "original": {
        "owner": "labradon",
        "ref": "v1.6",
        "repo": "yuvio",
        "type": "github"
      }
    }
  },
  "root": "root",
  "version": 7
}
